Microsoft Visual Studio Solution File, Format Version 12.00
# Visual Studio Version 17
VisualStudioVersion = 17.5.2.0
MinimumVisualStudioVersion = 10.0.40219.1
Project("{FAE04EC0-301F-11D3-BF4B-00C04F79EFBC}") = "Lender", "Lender.csproj", "{318756D7-AB23-0D46-6932-1D9082A0DB84}"
EndProject
Global
	GlobalSection(SolutionConfigurationPlatforms) = preSolution
		Debug|Any CPU = Debug|Any CPU
		Release|Any CPU = Release|Any CPU
	EndGlobalSection
	GlobalSection(ProjectConfigurationPlatforms) = postSolution
		{318756D7-AB23-0D46-6932-1D9082A0DB84}.Debug|Any CPU.ActiveCfg = Debug|Any CPU
		{318756D7-AB23-0D46-6932-1D9082A0DB84}.Debug|Any CPU.Build.0 = Debug|Any CPU
		{318756D7-AB23-0D46-6932-1D9082A0DB84}.Release|Any CPU.ActiveCfg = Release|Any CPU
		{318756D7-AB23-0D46-6932-1D9082A0DB84}.Release|Any CPU.Build.0 = Release|Any CPU
	EndGlobalSection
	GlobalSection(SolutionProperties) = preSolution
		HideSolutionNode = FALSE
	EndGlobalSection
	GlobalSection(ExtensibilityGlobals) = postSolution
		SolutionGuid = {BFC9730A-364B-401E-BEA7-B200E790A4AC}
	EndGlobalSection
EndGlobal
